
Microsoft Visual Studio Solution File, Format Version 12.00
# Visual Studio Version 17
VisualStudioVersion = 17.11.35208.52
MinimumVisualStudioVersion = 10.0.40219.1
Project("{FAE04EC0-301F-11D3-BF4B-00C04F79EFBC}") = "AlquilerVehiculos", "AlquilerVehiculos\AlquilerVehiculos.csproj", "{38A1DF2D-637A-4647-8E2F-8A4FBEDB70F1}"
EndProject
Global
	GlobalSection(SolutionConfigurationPlatforms) = preSolution
		Debug|Any CPU = Debug|Any CPU
		Release|Any CPU = Release|Any CPU
	EndGlobalSection
	GlobalSection(ProjectConfigurationPlatforms) = postSolution
		{38A1DF2D-637A-4647-8E2F-8A4FBEDB70F1}.Debug|Any CPU.ActiveCfg = Debug|Any CPU
		{38A1DF2D-637A-4647-8E2F-8A4FBEDB70F1}.Debug|Any CPU.Build.0 = Debug|Any CPU
		{38A1DF2D-637A-4647-8E2F-8A4FBEDB70F1}.Release|Any CPU.ActiveCfg = Release|Any CPU
		{38A1DF2D-637A-4647-8E2F-8A4FBEDB70F1}.Release|Any CPU.Build.0 = Release|Any CPU
	EndGlobalSection
	GlobalSection(SolutionProperties) = preSolution
		HideSolutionNode = FALSE
	EndGlobalSection
	GlobalSection(ExtensibilityGlobals) = postSolution
		SolutionGuid = {B4ADDBF8-B54E-4A0A-B9E5-1866B41982B9}
	EndGlobalSection
EndGlobal
